Microsoft Visual Studio Solution File, Format Version 11.00
# Visual Studio 2008

Project("{288D0373-D25F-FF64-7537-EB14CD2F2753}") = "Rabbit Game", "Assembly-CSharp.csproj", "{5682A0D6-2398-9E9B-EDCB-0E15D3A13F75}"
EndProject
Global
	GlobalSection(SolutionConfigurationPlatforms) = preSolution
		Debug|Any CPU = Debug|Any CPU
		Release|Any CPU = Release|Any CPU
	EndGlobalSection
	GlobalSection(ProjectConfigurationPlatforms) = postSolution
		{5682A0D6-2398-9E9B-EDCB-0E15D3A13F75}.Debug|Any CPU.ActiveCfg = Debug|Any CPU
		{5682A0D6-2398-9E9B-EDCB-0E15D3A13F75}.Debug|Any CPU.Build.0 = Debug|Any CPU
		{5682A0D6-2398-9E9B-EDCB-0E15D3A13F75}.Release|Any CPU.ActiveCfg = Release|Any CPU
		{5682A0D6-2398-9E9B-EDCB-0E15D3A13F75}.Release|Any CPU.Build.0 = Release|Any CPU
	EndGlobalSection
	GlobalSection(SolutionProperties) = preSolution
		HideSolutionNode = FALSE
	EndGlobalSection
	GlobalSection(MonoDevelopProperties) = preSolution
		StartupItem = Assembly-CSharp.csproj
	EndGlobalSection
EndGlobal
